
Microsoft Visual Studio Solution File, Format Version 12.00
# Visual Studio Version 17
VisualStudioVersion = 17.7.34024.191
MinimumVisualStudioVersion = 10.0.40219.1
Project("{FAE04EC0-301F-11D3-BF4B-00C04F79EFBC}") = "WindowsFormsAppDemo", "WindowsFormsAppDemo\WindowsFormsAppDemo.csproj", "{3AE5281A-AE8A-4DDB-92BA-C0976CC170A1}"
EndProject
Project("{FAE04EC0-301F-11D3-BF4B-00C04F79EFBC}") = "WinFormsStartup", "WinFormsStartup\WinFormsStartup.csproj", "{B66EF342-731E-47C2-9000-3F40B5DB5383}"
EndProject
Global
	GlobalSection(SolutionConfigurationPlatforms) = preSolution
		Debug|Any CPU = Debug|Any CPU
		Release|Any CPU = Release|Any CPU
	EndGlobalSection
	GlobalSection(ProjectConfigurationPlatforms) = postSolution
		{3AE5281A-AE8A-4DDB-92BA-C0976CC170A1}.Debug|Any CPU.ActiveCfg = Debug|Any CPU
		{3AE5281A-AE8A-4DDB-92BA-C0976CC170A1}.Debug|Any CPU.Build.0 = Debug|Any CPU
		{3AE5281A-AE8A-4DDB-92BA-C0976CC170A1}.Release|Any CPU.ActiveCfg = Release|Any CPU
		{3AE5281A-AE8A-4DDB-92BA-C0976CC170A1}.Release|Any CPU.Build.0 = Release|Any CPU
		{B66EF342-731E-47C2-9000-3F40B5DB5383}.Debug|Any CPU.ActiveCfg = Debug|Any CPU
		{B66EF342-731E-47C2-9000-3F40B5DB5383}.Debug|Any CPU.Build.0 = Debug|Any CPU
		{B66EF342-731E-47C2-9000-3F40B5DB5383}.Release|Any CPU.ActiveCfg = Release|Any CPU
		{B66EF342-731E-47C2-9000-3F40B5DB5383}.Release|Any CPU.Build.0 = Release|Any CPU
	EndGlobalSection
	GlobalSection(SolutionProperties) = preSolution
		HideSolutionNode = FALSE
	EndGlobalSection
	GlobalSection(ExtensibilityGlobals) = postSolution
		SolutionGuid = {EF88B74D-6D6E-496B-967C-2CC4F9A2A5CD}
	EndGlobalSection
EndGlobal
